
Microsoft Visual Studio Solution File, Format Version 12.00
# Visual Studio 15
VisualStudioVersion = 15.0.28307.329
MinimumVisualStudioVersion = 10.0.40219.1
Project("{FAE04EC0-301F-11D3-BF4B-00C04F79EFBC}") = "PasswordManager", "ConsoleApp3\PasswordManager.csproj", "{E4033480-DBF1-45B0-9008-FAB31B1FB747}"
EndProject
Global
	GlobalSection(SolutionConfigurationPlatforms) = preSolution
		Debug|Any CPU = Debug|Any CPU
		Release|Any CPU = Release|Any CPU
	EndGlobalSection
	GlobalSection(ProjectConfigurationPlatforms) = postSolution
		{E4033480-DBF1-45B0-9008-FAB31B1FB747}.Debug|Any CPU.ActiveCfg = Debug|Any CPU
		{E4033480-DBF1-45B0-9008-FAB31B1FB747}.Debug|Any CPU.Build.0 = Debug|Any CPU
		{E4033480-DBF1-45B0-9008-FAB31B1FB747}.Release|Any CPU.ActiveCfg = Release|Any CPU
		{E4033480-DBF1-45B0-9008-FAB31B1FB747}.Release|Any CPU.Build.0 = Release|Any CPU
	EndGlobalSection
	GlobalSection(SolutionProperties) = preSolution
		HideSolutionNode = FALSE
	EndGlobalSection
	GlobalSection(ExtensibilityGlobals) = postSolution
		SolutionGuid = {10554DCD-9150-4223-BAC5-53E0467DC24D}
	EndGlobalSection
EndGlobal
